// !$*UTF8*$!
{
	archiveVersion = 1;
	classes = {
	};
	objectVersion = 50;
	objects = {

/* Begin PBXBuildFile section */
		C3FEACAB22AD30B50049D297 /* AppDelegate.swift in Sources */ = {isa = PBXBuildFile; fileRef = C3FEACAA22AD30B50049D297 /* AppDelegate.swift */; };
		C3FEACAD22AD30B50049D297 /* ViewController.swift in Sources */ = {isa = PBXBuildFile; fileRef = C3FEACAC22AD30B50049D297 /* ViewController.swift */; };
		C3FEACAF22AD30B70049D297 /* Assets.xcassets in Resources */ = {isa = PBXBuildFile; fileRef = C3FEACAE22AD30B70049D297 /* Assets.xcassets */; };
		C3FEACB222AD30B70049D297 /* Main.storyboard in Resources */ = {isa = PBXBuildFile; fileRef = C3FEACB022AD30B70049D297 /* Main.storyboard */; };
		C3FEACBE22AD30B70049D297 /* RoboticArmSwiftUITests.swift in Sources */ = {isa = PBXBuildFile; fileRef = C3FEACBD22AD30B70049D297 /* RoboticArmSwiftUITests.swift */; };
		C3FEACC922AD329D0049D297 /* SwiftSerial.swift in Sources */ = {isa = PBXBuildFile; fileRef = C3FEACC822AD329C0049D297 /* SwiftSerial.swift */; };
/* End PBXBuildFile section */

/* Begin PBXContainerItemProxy section */
		C3FEACBA22AD30B70049D297 /* PBXContainerItemProxy */ = {
			isa = PBXContainerItemProxy;
			containerPortal = C3FEAC9F22AD30B50049D297 /* Project object */;
			proxyType = 1;
			remoteGlobalIDString = C3FEACA622AD30B50049D297;
			remoteInfo = RoboticArmSwiftUI;
		};
/* End PBXContainerItemProxy section */

/* Begin PBXFileReference section */
		C3FEACA722AD30B50049D297 /* RoboticArmSwiftUI.app */ = {isa = PBXFileReference; explicitFileType = wrapper.application; includeInIndex = 0; path = RoboticArmSwiftUI.app; sourceTree = BUILT_PRODUCTS_DIR; };
		C3FEACAA22AD30B50049D297 /* AppDelegate.swift */ = {isa = PBXFileReference; lastKnownFileType = sourcecode.swift; path = AppDelegate.swift; sourceTree = "<group>"; };
		C3FEACAC22AD30B50049D297 /* ViewController.swift */ = {isa = PBXFileReference; lastKnownFileType = sourcecode.swift; path = ViewController.swift; sourceTree = "<group>"; };
		C3FEACAE22AD30B70049D297 /* Assets.xcassets */ = {isa = PBXFileReference; lastKnownFileType = folder.assetcatalog; path = Assets.xcassets; sourceTree = "<group>"; };
		C3FEACB122AD30B70049D297 /* Base */ = {isa = PBXFileReference; lastKnownFileType = file.storyboard; name = Base; path = Base.lproj/Main.storyboard; sourceTree = "<group>"; };
		C3FEACB322AD30B70049D297 /* Info.plist */ = {isa = PBXFileReference; lastKnownFileType = text.plist.xml; path = Info.plist; sourceTree = "<group>"; };
		C3FEACB422AD30B70049D297 /* RoboticArmSwiftUI.entitlements */ = {isa = PBXFileReference; lastKnownFileType = text.plist.entitlements; path = RoboticArmSwiftUI.entitlements; sourceTree = "<group>"; };
		C3FEACB922AD30B70049D297 /* RoboticArmSwiftUITests.xctest */ = {isa = PBXFileReference; explicitFileType = wrapper.cfbundle; includeInIndex = 0; path = RoboticArmSwiftUITests.xctest; sourceTree = BUILT_PRODUCTS_DIR; };
		C3FEACBD22AD30B70049D297 /* RoboticArmSwiftUITests.swift */ = {isa = PBXFileReference; lastKnownFileType = sourcecode.swift; path = RoboticArmSwiftUITests.swift; sourceTree = "<group>"; };
		C3FEACBF22AD30B70049D297 /* Info.plist */ = {isa = PBXFileReference; lastKnownFileType = text.plist.xml; path = Info.plist; sourceTree = "<group>"; };
		C3FEACC822AD329C0049D297 /* SwiftSerial.swift */ = {isa = PBXFileReference; fileEncoding = 4; lastKnownFileType = sourcecode.swift; path = SwiftSerial.swift; sourceTree = "<group>"; };
/* End PBXFileReference section */

/* Begin PBXFrameworksBuildPhase section */
		C3FEACA422AD30B50049D297 /* Frameworks */ = {
			isa = PBXFrameworksBuildPhase;
			buildActionMask = 2147483647;
			files = (
			);
			runOnlyForDeploymentPostprocessing = 0;
		};
		C3FEACB622AD30B70049D297 /* Frameworks */ = {
			isa = PBXFrameworksBuildPhase;
			buildActionMask = 2147483647;
			files = (
			);
			runOnlyForDeploymentPostprocessing = 0;
		};
/* End PBXFrameworksBuildPhase section */

/* Begin PBXGroup section */
		C3FEAC9E22AD30B50049D297 = {
			isa = PBXGroup;
			children = (
				C3FEACA922AD30B50049D297 /* RoboticArmSwiftUI */,
				C3FEACBC22AD30B70049D297 /* RoboticArmSwiftUITests */,
				C3FEACA822AD30B50049D297 /* Products */,
			);
			sourceTree = "<group>";
		};
		C3FEACA822AD30B50049D297 /* Products */ = {
			isa = PBXGroup;
			children = (
				C3FEACA722AD30B50049D297 /* RoboticArmSwiftUI.app */,
				C3FEACB922AD30B70049D297 /* RoboticArmSwiftUITests.xctest */,
			);
			name = Products;
			sourceTree = "<group>";
		};
		C3FEACA922AD30B50049D297 /* RoboticArmSwiftUI */ = {
			isa = PBXGroup;
			children = (
				C3FEACAA22AD30B50049D297 /* AppDelegate.swift */,
				C3FEACC822AD329C0049D297 /* SwiftSerial.swift */,
				C3FEACAC22AD30B50049D297 /* ViewController.swift */,
				C3FEACAE22AD30B70049D297 /* Assets.xcassets */,
				C3FEACB022AD30B70049D297 /* Main.storyboard */,
				C3FEACB322AD30B70049D297 /* Info.plist */,
				C3FEACB422AD30B70049D297 /* RoboticArmSwiftUI.entitlements */,
			);
			path = RoboticArmSwiftUI;
			sourceTree = "<group>";
		};
		C3FEACBC22AD30B70049D297 /* RoboticArmSwiftUITests */ = {
			isa = PBXGroup;
			children = (
				C3FEACBD22AD30B70049D297 /* RoboticArmSwiftUITests.swift */,
				C3FEACBF22AD30B70049D297 /* Info.plist */,
			);
			path = RoboticArmSwiftUITests;
			sourceTree = "<group>";
		};
/* End PBXGroup section */

/* Begin PBXNativeTarget section */
		C3FEACA622AD30B50049D297 /* RoboticArmSwiftUI */ = {
			isa = PBXNativeTarget;
			buildConfigurationList = C3FEACC222AD30B70049D297 /* Build configuration list for PBXNativeTarget "RoboticArmSwiftUI" */;
			buildPhases = (
				C3FEACA322AD30B50049D297 /* Sources */,
				C3FEACA422AD30B50049D297 /* Frameworks */,
				C3FEACA522AD30B50049D297 /* Resources */,
			);
			buildRules = (
			);
			dependencies = (
			);
			name = RoboticArmSwiftUI;
			productName = RoboticArmSwiftUI;
			productReference = C3FEACA722AD30B50049D297 /* RoboticArmSwiftUI.app */;
			productType = "com.apple.product-type.application";
		};
		C3FEACB822AD30B70049D297 /* RoboticArmSwiftUITests */ = {
			isa = PBXNativeTarget;
			buildConfigurationList = C3FEACC522AD30B70049D297 /* Build configuration list for PBXNativeTarget "RoboticArmSwiftUITests" */;
			buildPhases = (
				C3FEACB522AD30B70049D297 /* Sources */,
				C3FEACB622AD30B70049D297 /* Frameworks */,
				C3FEACB722AD30B70049D297 /* Resources */,
			);
			buildRules = (
			);
			dependencies = (
				C3FEACBB22AD30B70049D297 /* PBXTargetDependency */,
			);
			name = RoboticArmSwiftUITests;
			productName = RoboticArmSwiftUITests;
			productReference = C3FEACB922AD30B70049D297 /* RoboticArmSwiftUITests.xctest */;
			productType = "com.apple.product-type.bundle.unit-test";
		};
/* End PBXNativeTarget section */

/* Begin PBXProject section */
		C3FEAC9F22AD30B50049D297 /* Project object */ = {
			isa = PBXProject;
			attributes = {
				LastSwiftUpdateCheck = 1020;
				LastUpgradeCheck = 1020;
				ORGANIZATIONNAME = EmreSURK;
				TargetAttributes = {
					C3FEACA622AD30B50049D297 = {
						CreatedOnToolsVersion = 10.2.1;
					};
					C3FEACB822AD30B70049D297 = {
						CreatedOnToolsVersion = 10.2.1;
						TestTargetID = C3FEACA622AD30B50049D297;
					};
				};
			};
			buildConfigurationList = C3FEACA222AD30B50049D297 /* Build configuration list for PBXProject "RoboticArmSwiftUI" */;
			compatibilityVersion = "Xcode 9.3";
			developmentRegion = en;
			hasScannedForEncodings = 0;
			knownRegions = (
				en,
				Base,
			);
			mainGroup = C3FEAC9E22AD30B50049D297;
			productRefGroup = C3FEACA822AD30B50049D297 /* Products */;
			projectDirPath = "";
			projectRoot = "";
			targets = (
				C3FEACA622AD30B50049D297 /* RoboticArmSwiftUI */,
				C3FEACB822AD30B70049D297 /* RoboticArmSwiftUITests */,
			);
		};
/* End PBXProject section */

/* Begin PBXResourcesBuildPhase section */
		C3FEACA522AD30B50049D297 /* Resources */ = {
			isa = PBXResourcesBuildPhase;
			buildActionMask = 2147483647;
			files = (
				C3FEACAF22AD30B70049D297 /* Assets.xcassets in Resources */,
				C3FEACB222AD30B70049D297 /* Main.storyboard in Resources */,
			);
			runOnlyForDeploymentPostprocessing = 0;
		};
		C3FEACB722AD30B70049D297 /* Resources */ = {
			isa = PBXResourcesBuildPhase;
			buildActionMask = 2147483647;
			files = (
			);
			runOnlyForDeploymentPostprocessing = 0;
		};
/* End PBXResourcesBuildPhase section */

/* Begin PBXSourcesBuildPhase section */
		C3FEACA322AD30B50049D297 /* Sources */ = {
			isa = PBXSourcesBuildPhase;
			buildActionMask = 2147483647;
			files = (
				C3FEACC922AD329D0049D297 /* SwiftSerial.swift in Sources */,
				C3FEACAD22AD30B50049D297 /* ViewController.swift in Sources */,
				C3FEACAB22AD30B50049D297 /* AppDelegate.swift in Sources */,
			);
			runOnlyForDeploymentPostprocessing = 0;
		};
		C3FEACB522AD30B70049D297 /* Sources */ = {
			isa = PBXSourcesBuildPhase;
			buildActionMask = 2147483647;
			files = (
				C3FEACBE22AD30B70049D297 /* RoboticArmSwiftUITests.swift in Sources */,
			);
			runOnlyForDeploymentPostprocessing = 0;
		};
/* End PBXSourcesBuildPhase section */

/* Begin PBXTargetDependency section */
		C3FEACBB22AD30B70049D297 /* PBXTargetDependency */ = {
			isa = PBXTargetDependency;
			target = C3FEACA622AD30B50049D297 /* RoboticArmSwiftUI */;
			targetProxy = C3FEACBA22AD30B70049D297 /* PBXContainerItemProxy */;
		};
/* End PBXTargetDependency section */

/* Begin PBXVariantGroup section */
		C3FEACB022AD30B70049D297 /* Main.storyboard */ = {
			isa = PBXVariantGroup;
			children = (
				C3FEACB122AD30B70049D297 /* Base */,
			);
			name = Main.storyboard;
			sourceTree = "<group>";
		};
/* End PBXVariantGroup section */

/* Begin XCBuildConfiguration section */
		C3FEACC022AD30B70049D297 /* Debug */ = {
			isa = XCBuildConfiguration;
			buildSettings = {
				ALWAYS_SEARCH_USER_PATHS = NO;
				CLANG_ANALYZER_NONNULL = YES;
				CLANG_ANALYZER_NUMBER_OBJECT_CONVERSION = YES_AGGRESSIVE;
				CLANG_CXX_LANGUAGE_STANDARD = "gnu++14";
				CLANG_CXX_LIBRARY = "libc++";
				CLANG_ENABLE_MODULES = YES;
				CLANG_ENABLE_OBJC_ARC = YES;
				CLANG_ENABLE_OBJC_WEAK = YES;
				CLANG_WARN_BLOCK_CAPTURE_AUTORELEASING = YES;
				CLANG_WARN_BOOL_CONVERSION = YES;
				CLANG_WARN_COMMA = YES;
				CLANG_WARN_CONSTANT_CONVERSION = YES;
				CLANG_WARN_DEPRECATED_OBJC_IMPLEMENTATIONS = YES;
				CLANG_WARN_DIRECT_OBJC_ISA_USAGE = YES_ERROR;
				CLANG_WARN_DOCUMENTATION_COMMENTS = YES;
				CLANG_WARN_EMPTY_BODY = YES;
				CLANG_WARN_ENUM_CONVERSION = YES;
				CLANG_WARN_INFINITE_RECURSION = YES;
				CLANG_WARN_INT_CONVERSION = YES;
				CLANG_WARN_NON_LITERAL_NULL_CONVERSION = YES;
				CLANG_WARN_OBJC_IMPLICIT_RETAIN_SELF = YES;
				CLANG_WARN_OBJC_LITERAL_CONVERSION = YES;
				CLANG_WARN_OBJC_ROOT_CLASS = YES_ERROR;
				CLANG_WARN_RANGE_LOOP_ANALYSIS = YES;
				CLANG_WARN_STRICT_PROTOTYPES = YES;
				CLANG_WARN_SUSPICIOUS_MOVE = YES;
				CLANG_WARN_UNGUARDED_AVAILABILITY = YES_AGGRESSIVE;
				CLANG_WARN_UNREACHABLE_CODE = YES;
				CLANG_WARN__DUPLICATE_METHOD_MATCH = YES;
				CODE_SIGN_IDENTITY = "Mac Developer";
				COPY_PHASE_STRIP = NO;
				DEBUG_INFORMATION_FORMAT = dwarf;
				ENABLE_STRICT_OBJC_MSGSEND = YES;
				ENABLE_TESTABILITY = YES;
				GCC_C_LANGUAGE_STANDARD = gnu11;
				GCC_DYNAMIC_NO_PIC = NO;
				GCC_NO_COMMON_BLOCKS = YES;
				GCC_OPTIMIZATION_LEVEL = 0;
				GCC_PREPROCESSOR_DEFINITIONS = (
					"DEBUG=1",
					"$(inherited)",
				);
				GCC_WARN_64_TO_32_BIT_CONVERSION = YES;
				GCC_WARN_ABOUT_RETURN_TYPE = YES_ERROR;
				GCC_WARN_UNDECLARED_SELECTOR = YES;
				GCC_WARN_UNINITIALIZED_AUTOS = YES_AGGRESSIVE;
				GCC_WARN_UNUSED_FUNCTION = YES;
				GCC_WARN_UNUSED_VARIABLE = YES;
				MACOSX_DEPLOYMENT_TARGET = 10.14;
				MTL_ENABLE_DEBUG_INFO = INCLUDE_SOURCE;
				MTL_FAST_MATH = YES;
				ONLY_ACTIVE_ARCH = YES;
				SDKROOT = macosx;
				SWIFT_ACTIVE_COMPILATION_CONDITIONS = DEBUG;
				SWIFT_OPTIMIZATION_LEVEL = "-Onone";
			};
			name = Debug;
		};
		C3FEACC122AD30B70049D297 /* Release */ = {
			isa = XCBuildConfiguration;
			buildSettings = {
				ALWAYS_SEARCH_USER_PATHS = NO;
				CLANG_ANALYZER_NONNULL = YES;
				CLANG_ANALYZER_NUMBER_OBJECT_CONVERSION = YES_AGGRESSIVE;
				CLANG_CXX_LANGUAGE_STANDARD = "gnu++14";
				CLANG_CXX_LIBRARY = "libc++";
				CLANG_ENABLE_MODULES = YES;
				CLANG_ENABLE_OBJC_ARC = YES;
				CLANG_ENABLE_OBJC_WEAK = YES;
				CLANG_WARN_BLOCK_CAPTURE_AUTORELEASING = YES;
				CLANG_WARN_BOOL_CONVERSION = YES;
				CLANG_WARN_COMMA = YES;
				CLANG_WARN_CONSTANT_CONVERSION = YES;
				CLANG_WARN_DEPRECATED_OBJC_IMPLEMENTATIONS = YES;
				CLANG_WARN_DIRECT_OBJC_ISA_USAGE = YES_ERROR;
				CLANG_WARN_DOCUMENTATION_COMMENTS = YES;
				CLANG_WARN_EMPTY_BODY = YES;
				CLANG_WARN_ENUM_CONVERSION = YES;
				CLANG_WARN_INFINITE_RECURSION = YES;
				CLANG_WARN_INT_CONVERSION = YES;
				CLANG_WARN_NON_LITERAL_NULL_CONVERSION = YES;
				CLANG_WARN_OBJC_IMPLICIT_RETAIN_SELF = YES;
				CLANG_WARN_OBJC_LITERAL_CONVERSION = YES;
				CLANG_WARN_OBJC_ROOT_CLASS = YES_ERROR;
				CLANG_WARN_RANGE_LOOP_ANALYSIS = YES;
				CLANG_WARN_STRICT_PROTOTYPES = YES;
				CLANG_WARN_SUSPICIOUS_MOVE = YES;
				CLANG_WARN_UNGUARDED_AVAILABILITY = YES_AGGRESSIVE;
				CLANG_WARN_UNREACHABLE_CODE = YES;
				CLANG_WARN__DUPLICATE_METHOD_MATCH = YES;
				CODE_SIGN_IDENTITY = "Mac Developer";
				COPY_PHASE_STRIP = NO;
				DEBUG_INFORMATION_FORMAT = "dwarf-with-dsym";
				ENABLE_NS_ASSERTIONS = NO;
				ENABLE_STRICT_OBJC_MSGSEND = YES;
				GCC_C_LANGUAGE_STANDARD = gnu11;
				GCC_NO_COMMON_BLOCKS = YES;
				GCC_WARN_64_TO_32_BIT_CONVERSION = YES;
				GCC_WARN_ABOUT_RETURN_TYPE = YES_ERROR;
				GCC_WARN_UNDECLARED_SELECTOR = YES;
				GCC_WARN_UNINITIALIZED_AUTOS = YES_AGGRESSIVE;
				GCC_WARN_UNUSED_FUNCTION = YES;
				GCC_WARN_UNUSED_VARIABLE = YES;
				MACOSX_DEPLOYMENT_TARGET = 10.14;
				MTL_ENABLE_DEBUG_INFO = NO;
				MTL_FAST_MATH = YES;
				SDKROOT = macosx;
				SWIFT_COMPILATION_MODE = wholemodule;
				SWIFT_OPTIMIZATION_LEVEL = "-O";
			};
			name = Release;
		};
		C3FEACC322AD30B70049D297 /* Debug */ = {
			isa = XCBuildConfiguration;
			buildSettings = {
				ASSETCATALOG_COMPILER_APPICON_NAME = AppIcon;
				CODE_SIGN_STYLE = Automatic;
				COMBINE_HIDPI_IMAGES = YES;
				DEVELOPMENT_TEAM = 923D42NTTY;
				INFOPLIST_FILE = RoboticArmSwiftUI/Info.plist;
				LD_RUNPATH_SEARCH_PATHS = (
					"$(inherited)",
					"@executable_path/../Frameworks",
				);
				PRODUCT_BUNDLE_IDENTIFIER = com.emresurk.RoboticArmSwiftUI;
				PRODUCT_NAME = "$(TARGET_NAME)";
				SWIFT_VERSION = 5.0;
			};
			name = Debug;
		};
		C3FEACC422AD30B70049D297 /* Release */ = {
			isa = XCBuildConfiguration;
			buildSettings = {
				ASSETCATALOG_COMPILER_APPICON_NAME = AppIcon;
				CODE_SIGN_STYLE = Automatic;
				COMBINE_HIDPI_IMAGES = YES;
				DEVELOPMENT_TEAM = 923D42NTTY;
				INFOPLIST_FILE = RoboticArmSwiftUI/Info.plist;
				LD_RUNPATH_SEARCH_PATHS = (
					"$(inherited)",
					"@executable_path/../Frameworks",
				);
				PRODUCT_BUNDLE_IDENTIFIER = com.emresurk.RoboticArmSwiftUI;
				PRODUCT_NAME = "$(TARGET_NAME)";
				SWIFT_VERSION = 5.0;
			};
			name = Release;
		};
		C3FEACC622AD30B70049D297 /* Debug */ = {
			isa = XCBuildConfiguration;
			buildSettings = {
				ALWAYS_EMBED_SWIFT_STANDARD_LIBRARIES = YES;
				BUNDLE_LOADER = "$(TEST_HOST)";
				CODE_SIGN_STYLE = Automatic;
				COMBINE_HIDPI_IMAGES = YES;
				DEVELOPMENT_TEAM = 923D42NTTY;
				INFOPLIST_FILE = RoboticArmSwiftUITests/Info.plist;
				LD_RUNPATH_SEARCH_PATHS = (
					"$(inherited)",
					"@executable_path/../Frameworks",
					"@loader_path/../Frameworks",
				);
				PRODUCT_BUNDLE_IDENTIFIER = com.emresurk.RoboticArmSwiftUITests;
				PRODUCT_NAME = "$(TARGET_NAME)";
				SWIFT_VERSION = 5.0;
				TEST_HOST = "$(BUILT_PRODUCTS_DIR)/RoboticArmSwiftUI.app/Contents/MacOS/RoboticArmSwiftUI";
			};
			name = Debug;
		};
		C3FEACC722AD30B70049D297 /* Release */ = {
			isa = XCBuildConfiguration;
			buildSettings = {
				ALWAYS_EMBED_SWIFT_STANDARD_LIBRARIES = YES;
				BUNDLE_LOADER = "$(TEST_HOST)";
				CODE_SIGN_STYLE = Automatic;
				COMBINE_HIDPI_IMAGES = YES;
				DEVELOPMENT_TEAM = 923D42NTTY;
				INFOPLIST_FILE = RoboticArmSwiftUITests/Info.plist;
				LD_RUNPATH_SEARCH_PATHS = (
					"$(inherited)",
					"@executable_path/../Frameworks",
					"@loader_path/../Frameworks",
				);
				PRODUCT_BUNDLE_IDENTIFIER = com.emresurk.RoboticArmSwiftUITests;
				PRODUCT_NAME = "$(TARGET_NAME)";
				SWIFT_VERSION = 5.0;
				TEST_HOST = "$(BUILT_PRODUCTS_DIR)/RoboticArmSwiftUI.app/Contents/MacOS/RoboticArmSwiftUI";
			};
			name = Release;
		};
/* End XCBuildConfiguration section */

/* Begin XCConfigurationList section */
		C3FEACA222AD30B50049D297 /* Build configuration list for PBXProject "RoboticArmSwiftUI" */ = {
			isa = XCConfigurationList;
			buildConfigurations = (
				C3FEACC022AD30B70049D297 /* Debug */,
				C3FEACC122AD30B70049D297 /* Release */,
			);
			defaultConfigurationIsVisible = 0;
			defaultConfigurationName = Release;
		};
		C3FEACC222AD30B70049D297 /* Build configuration list for PBXNativeTarget "RoboticArmSwiftUI" */ = {
			isa = XCConfigurationList;
			buildConfigurations = (
				C3FEACC322AD30B70049D297 /* Debug */,
				C3FEACC422AD30B70049D297 /* Release */,
			);
			defaultConfigurationIsVisible = 0;
			defaultConfigurationName = Release;
		};
		C3FEACC522AD30B70049D297 /* Build configuration list for PBXNativeTarget "RoboticArmSwiftUITests" */ = {
			isa = XCConfigurationList;
			buildConfigurations = (
				C3FEACC622AD30B70049D297 /* Debug */,
				C3FEACC722AD30B70049D297 /* Release */,
			);
			defaultConfigurationIsVisible = 0;
			defaultConfigurationName = Release;
		};
/* End XCConfigurationList section */
	};
	rootObject = C3FEAC9F22AD30B50049D297 /* Project object */;
}
